// !$*UTF8*$!
{
	archiveVersion = 1;
	classes = {
	};
	objectVersion = 51;
	objects = {

/* Begin PBXBuildFile section */
		322072A626CD687900697F90 /* UserCell.swift in Sources */ = {isa = PBXBuildFile; fileRef = 322072A526CD687900697F90 /* UserCell.swift */; };
		3227605326BB0CA50050C073 /* Extensions.swift in Sources */ = {isa = PBXBuildFile; fileRef = 3227605226BB0CA50050C073 /* Extensions.swift */; };
		3267F90526DB6F23007C9F04 /* UploadTweetViewModel.swift in Sources */ = {isa = PBXBuildFile; fileRef = 3267F90426DB6F23007C9F04 /* UploadTweetViewModel.swift */; };
		3267F90726DB7F05007C9F04 /* ActionSheetLauncher.swift in Sources */ = {isa = PBXBuildFile; fileRef = 3267F90626DB7F05007C9F04 /* ActionSheetLauncher.swift */; };
		3267F90926DB85EC007C9F04 /* ActionSheetCell.swift in Sources */ = {isa = PBXBuildFile; fileRef = 3267F90826DB85EC007C9F04 /* ActionSheetCell.swift */; };
		3267F90B26DB8A7A007C9F04 /* ActionSheetViewoModel.swift in Sources */ = {isa = PBXBuildFile; fileRef = 3267F90A26DB8A7A007C9F04 /* ActionSheetViewoModel.swift */; };
		3280012126C6DD8A00E66DC3 /* AuthService.swift in Sources */ = {isa = PBXBuildFile; fileRef = 3280012026C6DD8A00E66DC3 /* AuthService.swift */; };
		3280012326C6DE0B00E66DC3 /* UserService.swift in Sources */ = {isa = PBXBuildFile; fileRef = 3280012226C6DE0B00E66DC3 /* UserService.swift */; };
		3280012526C6E14800E66DC3 /* User.swift in Sources */ = {isa = PBXBuildFile; fileRef = 3280012426C6E14800E66DC3 /* User.swift */; };
		328B41EA26D541C20033C50C /* TweetController.swift in Sources */ = {isa = PBXBuildFile; fileRef = 328B41E926D541C20033C50C /* TweetController.swift */; };
		328B41EC26D543D30033C50C /* TweetHeader.swift in Sources */ = {isa = PBXBuildFile; fileRef = 328B41EB26D543D30033C50C /* TweetHeader.swift */; };
		32CDFCC226C7B4C800F7A426 /* UploadTweetController.swift in Sources */ = {isa = PBXBuildFile; fileRef = 32CDFCC126C7B4C800F7A426 /* UploadTweetController.swift */; };
		32CDFCC426C7BBCB00F7A426 /* CaptionTextView.swift in Sources */ = {isa = PBXBuildFile; fileRef = 32CDFCC326C7BBCB00F7A426 /* CaptionTextView.swift */; };
		32CDFCC626C7C05B00F7A426 /* TweetService.swift in Sources */ = {isa = PBXBuildFile; fileRef = 32CDFCC526C7C05B00F7A426 /* TweetService.swift */; };
		32CDFCC826C7C57400F7A426 /* Tweet.swift in Sources */ = {isa = PBXBuildFile; fileRef = 32CDFCC726C7C57400F7A426 /* Tweet.swift */; };
		32CDFCCA26C7CAE100F7A426 /* TweetCell.swift in Sources */ = {isa = PBXBuildFile; fileRef = 32CDFCC926C7CAE100F7A426 /* TweetCell.swift */; };
		32CDFCCC26C7D9EC00F7A426 /* TweetViewModel.swift in Sources */ = {isa = PBXBuildFile; fileRef = 32CDFCCB26C7D9EC00F7A426 /* TweetViewModel.swift */; };
		32CDFCCE26C9764100F7A426 /* ProfileController.swift in Sources */ = {isa = PBXBuildFile; fileRef = 32CDFCCD26C9764100F7A426 /* ProfileController.swift */; };
		32CDFCD426CA8CF000F7A426 /* ProfileHeader.swift in Sources */ = {isa = PBXBuildFile; fileRef = 32CDFCD326CA8CF000F7A426 /* ProfileHeader.swift */; };
		32D5253526BEF052002CC989 /* LoginController.swift in Sources */ = {isa = PBXBuildFile; fileRef = 32D5253426BEF052002CC989 /* LoginController.swift */; };
		32D5253726BEF0BF002CC989 /* RegistrationController.swift in Sources */ = {isa = PBXBuildFile; fileRef = 32D5253626BEF0BF002CC989 /* RegistrationController.swift */; };
		32D5253926BEF69D002CC989 /* Utilities.swift in Sources */ = {isa = PBXBuildFile; fileRef = 32D5253826BEF69D002CC989 /* Utilities.swift */; };
		32EE16BA26CC20A3009818D6 /* ProfileFilterView.swift in Sources */ = {isa = PBXBuildFile; fileRef = 32EE16B926CC20A3009818D6 /* ProfileFilterView.swift */; };
		32EE16BC26CC21D1009818D6 /* ProfileFilterCell.swift in Sources */ = {isa = PBXBuildFile; fileRef = 32EE16BB26CC21D1009818D6 /* ProfileFilterCell.swift */; };
		32EE16BE26CC2A5F009818D6 /* ProfileHeaderViewModel.swift in Sources */ = {isa = PBXBuildFile; fileRef = 32EE16BD26CC2A5F009818D6 /* ProfileHeaderViewModel.swift */; };
		32FEC15F26BB010000734D68 /* AppDelegate.swift in Sources */ = {isa = PBXBuildFile; fileRef = 32FEC15E26BB010000734D68 /* AppDelegate.swift */; };
		32FEC16126BB010000734D68 /* SceneDelegate.swift in Sources */ = {isa = PBXBuildFile; fileRef = 32FEC16026BB010000734D68 /* SceneDelegate.swift */; };
		32FEC16626BB010000734D68 /* Main.storyboard in Resources */ = {isa = PBXBuildFile; fileRef = 32FEC16426BB010000734D68 /* Main.storyboard */; };
		32FEC16826BB010100734D68 /* Assets.xcassets in Resources */ = {isa = PBXBuildFile; fileRef = 32FEC16726BB010100734D68 /* Assets.xcassets */; };
		32FEC16B26BB010100734D68 /* LaunchScreen.storyboard in Resources */ = {isa = PBXBuildFile; fileRef = 32FEC16926BB010100734D68 /* LaunchScreen.storyboard */; };
		32FEC17C26BB021600734D68 /* MainTabViewController.swift in Sources */ = {isa = PBXBuildFile; fileRef = 32FEC17B26BB021600734D68 /* MainTabViewController.swift */; };
		32FEC17E26BB033800734D68 /* FeedController.swift in Sources */ = {isa = PBXBuildFile; fileRef = 32FEC17D26BB033800734D68 /* FeedController.swift */; };
		32FEC18026BB035B00734D68 /* ExploreController.swift in Sources */ = {isa = PBXBuildFile; fileRef = 32FEC17F26BB035B00734D68 /* ExploreController.swift */; };
		32FEC18226BB037900734D68 /* NotificationsController.swift in Sources */ = {isa = PBXBuildFile; fileRef = 32FEC18126BB037900734D68 /* NotificationsController.swift */; };
		32FEC18426BB038C00734D68 /* ConversationsController.swift in Sources */ = {isa = PBXBuildFile; fileRef = 32FEC18326BB038C00734D68 /* ConversationsController.swift */; };
		8444E8BF26C4050A00DA4146 /* GoogleService-Info.plist in Resources */ = {isa = PBXBuildFile; fileRef = 8444E8BE26C4050A00DA4146 /* GoogleService-Info.plist */; };
		84892B2026C40CF600385B84 /* Constants.swift in Sources */ = {isa = PBXBuildFile; fileRef = 84892B1F26C40CF600385B84 /* Constants.swift */; };
		85B07FA49D2504438D5AB51A /* Pods_TwitterTutorial.framework in Frameworks */ = {isa = PBXBuildFile; fileRef = D4E966F3B84BC8349C5FDCDF /* Pods_TwitterTutorial.framework */; };
/* End PBXBuildFile section */

/* Begin PBXFileReference section */
		2D44CCAF4A94AA207807A93F /* Pods-TwitterTutorial.release.xcconfig */ = {isa = PBXFileReference; includeInIndex = 1; lastKnownFileType = text.xcconfig; name = "Pods-TwitterTutorial.release.xcconfig"; path = "Target Support Files/Pods-TwitterTutorial/Pods-TwitterTutorial.release.xcconfig"; sourceTree = "<group>"; };
		322072A526CD687900697F90 /* UserCell.swift */ = {isa = PBXFileReference; lastKnownFileType = sourcecode.swift; path = UserCell.swift; sourceTree = "<group>"; };
		3227605226BB0CA50050C073 /* Extensions.swift */ = {isa = PBXFileReference; lastKnownFileType = sourcecode.swift; path = Extensions.swift; sourceTree = "<group>"; };
		3267F90426DB6F23007C9F04 /* UploadTweetViewModel.swift */ = {isa = PBXFileReference; lastKnownFileType = sourcecode.swift; path = UploadTweetViewModel.swift; sourceTree = "<group>"; };
		3267F90626DB7F05007C9F04 /* ActionSheetLauncher.swift */ = {isa = PBXFileReference; lastKnownFileType = sourcecode.swift; path = ActionSheetLauncher.swift; sourceTree = "<group>"; };
		3267F90826DB85EC007C9F04 /* ActionSheetCell.swift */ = {isa = PBXFileReference; lastKnownFileType = sourcecode.swift; path = ActionSheetCell.swift; sourceTree = "<group>"; };
		3267F90A26DB8A7A007C9F04 /* ActionSheetViewoModel.swift */ = {isa = PBXFileReference; lastKnownFileType = sourcecode.swift; path = ActionSheetViewoModel.swift; sourceTree = "<group>"; };
		3280012026C6DD8A00E66DC3 /* AuthService.swift */ = {isa = PBXFileReference; fileEncoding = 4; lastKnownFileType = sourcecode.swift; path = AuthService.swift; sourceTree = "<group>"; };
		3280012226C6DE0B00E66DC3 /* UserService.swift */ = {isa = PBXFileReference; lastKnownFileType = sourcecode.swift; path = UserService.swift; sourceTree = "<group>"; };
		3280012426C6E14800E66DC3 /* User.swift */ = {isa = PBXFileReference; lastKnownFileType = sourcecode.swift; path = User.swift; sourceTree = "<group>"; };
		328B41E926D541C20033C50C /* TweetController.swift */ = {isa = PBXFileReference; lastKnownFileType = sourcecode.swift; path = TweetController.swift; sourceTree = "<group>"; };
		328B41EB26D543D30033C50C /* TweetHeader.swift */ = {isa = PBXFileReference; lastKnownFileType = sourcecode.swift; path = TweetHeader.swift; sourceTree = "<group>"; };
		32CDFCC126C7B4C800F7A426 /* UploadTweetController.swift */ = {isa = PBXFileReference; lastKnownFileType = sourcecode.swift; path = UploadTweetController.swift; sourceTree = "<group>"; };
		32CDFCC326C7BBCB00F7A426 /* CaptionTextView.swift */ = {isa = PBXFileReference; lastKnownFileType = sourcecode.swift; path = CaptionTextView.swift; sourceTree = "<group>"; };
		32CDFCC526C7C05B00F7A426 /* TweetService.swift */ = {isa = PBXFileReference; lastKnownFileType = sourcecode.swift; path = TweetService.swift; sourceTree = "<group>"; };
		32CDFCC726C7C57400F7A426 /* Tweet.swift */ = {isa = PBXFileReference; lastKnownFileType = sourcecode.swift; path = Tweet.swift; sourceTree = "<group>"; };
		32CDFCC926C7CAE100F7A426 /* TweetCell.swift */ = {isa = PBXFileReference; lastKnownFileType = sourcecode.swift; path = TweetCell.swift; sourceTree = "<group>"; };
		32CDFCCB26C7D9EC00F7A426 /* TweetViewModel.swift */ = {isa = PBXFileReference; lastKnownFileType = sourcecode.swift; path = TweetViewModel.swift; sourceTree = "<group>"; };
		32CDFCCD26C9764100F7A426 /* ProfileController.swift */ = {isa = PBXFileReference; lastKnownFileType = sourcecode.swift; path = ProfileController.swift; sourceTree = "<group>"; };
		32CDFCD326CA8CF000F7A426 /* ProfileHeader.swift */ = {isa = PBXFileReference; lastKnownFileType = sourcecode.swift; path = ProfileHeader.swift; sourceTree = "<group>"; };
		32D5253426BEF052002CC989 /* LoginController.swift */ = {isa = PBXFileReference; lastKnownFileType = sourcecode.swift; path = LoginController.swift; sourceTree = "<group>"; };
		32D5253626BEF0BF002CC989 /* RegistrationController.swift */ = {isa = PBXFileReference; lastKnownFileType = sourcecode.swift; path = RegistrationController.swift; sourceTree = "<group>"; };
		32D5253826BEF69D002CC989 /* Utilities.swift */ = {isa = PBXFileReference; lastKnownFileType = sourcecode.swift; path = Utilities.swift; sourceTree = "<group>"; };
		32EE16B926CC20A3009818D6 /* ProfileFilterView.swift */ = {isa = PBXFileReference; lastKnownFileType = sourcecode.swift; path = ProfileFilterView.swift; sourceTree = "<group>"; };
		32EE16BB26CC21D1009818D6 /* ProfileFilterCell.swift */ = {isa = PBXFileReference; lastKnownFileType = sourcecode.swift; path = ProfileFilterCell.swift; sourceTree = "<group>"; };
		32EE16BD26CC2A5F009818D6 /* ProfileHeaderViewModel.swift */ = {isa = PBXFileReference; lastKnownFileType = sourcecode.swift; path = ProfileHeaderViewModel.swift; sourceTree = "<group>"; };
		32FEC15B26BB010000734D68 /* TwitterTutorial.app */ = {isa = PBXFileReference; explicitFileType = wrapper.application; includeInIndex = 0; path = TwitterTutorial.app; sourceTree = BUILT_PRODUCTS_DIR; };
		32FEC15E26BB010000734D68 /* AppDelegate.swift */ = {isa = PBXFileReference; lastKnownFileType = sourcecode.swift; path = AppDelegate.swift; sourceTree = "<group>"; };
		32FEC16026BB010000734D68 /* SceneDelegate.swift */ = {isa = PBXFileReference; lastKnownFileType = sourcecode.swift; path = SceneDelegate.swift; sourceTree = "<group>"; };
		32FEC16526BB010000734D68 /* Base */ = {isa = PBXFileReference; lastKnownFileType = file.storyboard; name = Base; path = Base.lproj/Main.storyboard; sourceTree = "<group>"; };
		32FEC16726BB010100734D68 /* Assets.xcassets */ = {isa = PBXFileReference; lastKnownFileType = folder.assetcatalog; path = Assets.xcassets; sourceTree = "<group>"; };
		32FEC16A26BB010100734D68 /* Base */ = {isa = PBXFileReference; lastKnownFileType = file.storyboard; name = Base; path = Base.lproj/LaunchScreen.storyboard; sourceTree = "<group>"; };
		32FEC16C26BB010100734D68 /* Info.plist */ = {isa = PBXFileReference; lastKnownFileType = text.plist.xml; path = Info.plist; sourceTree = "<group>"; };
		32FEC17B26BB021600734D68 /* MainTabViewController.swift */ = {isa = PBXFileReference; lastKnownFileType = sourcecode.swift; path = MainTabViewController.swift; sourceTree = "<group>"; };
		32FEC17D26BB033800734D68 /* FeedController.swift */ = {isa = PBXFileReference; lastKnownFileType = sourcecode.swift; path = FeedController.swift; sourceTree = "<group>"; };
		32FEC17F26BB035B00734D68 /* ExploreController.swift */ = {isa = PBXFileReference; lastKnownFileType = sourcecode.swift; path = ExploreController.swift; sourceTree = "<group>"; };
		32FEC18126BB037900734D68 /* NotificationsController.swift */ = {isa = PBXFileReference; lastKnownFileType = sourcecode.swift; path = NotificationsController.swift; sourceTree = "<group>"; };
		32FEC18326BB038C00734D68 /* ConversationsController.swift */ = {isa = PBXFileReference; lastKnownFileType = sourcecode.swift; path = ConversationsController.swift; sourceTree = "<group>"; };
		755E9F4394E9CCB839AD90CA /* Pods-TwitterTutorial.debug.xcconfig */ = {isa = PBXFileReference; includeInIndex = 1; lastKnownFileType = text.xcconfig; name = "Pods-TwitterTutorial.debug.xcconfig"; path = "Target Support Files/Pods-TwitterTutorial/Pods-TwitterTutorial.debug.xcconfig"; sourceTree = "<group>"; };
		8444E8BE26C4050A00DA4146 /* GoogleService-Info.plist */ = {isa = PBXFileReference; lastKnownFileType = text.plist; path = "GoogleService-Info.plist"; sourceTree = SOURCE_ROOT; };
		84892B1F26C40CF600385B84 /* Constants.swift */ = {isa = PBXFileReference; lastKnownFileType = sourcecode.swift; path = Constants.swift; sourceTree = "<group>"; };
		D4E966F3B84BC8349C5FDCDF /* Pods_TwitterTutorial.framework */ = {isa = PBXFileReference; explicitFileType = wrapper.framework; includeInIndex = 0; path = Pods_TwitterTutorial.framework; sourceTree = BUILT_PRODUCTS_DIR; };
/* End PBXFileReference section */

/* Begin PBXFrameworksBuildPhase section */
		32FEC15826BB010000734D68 /* Frameworks */ = {
			isa = PBXFrameworksBuildPhase;
			buildActionMask = 2147483647;
			files = (
				85B07FA49D2504438D5AB51A /* Pods_TwitterTutorial.framework in Frameworks */,
			);
			runOnlyForDeploymentPostprocessing = 0;
		};
/* End PBXFrameworksBuildPhase section */

/* Begin PBXGroup section */
		3280011E26C6DCA900E66DC3 /* Model */ = {
			isa = PBXGroup;
			children = (
				3280012426C6E14800E66DC3 /* User.swift */,
				32CDFCC726C7C57400F7A426 /* Tweet.swift */,
			);
			path = Model;
			sourceTree = "<group>";
		};
		3280011F26C6DD8A00E66DC3 /* API */ = {
			isa = PBXGroup;
			children = (
				3280012026C6DD8A00E66DC3 /* AuthService.swift */,
				3280012226C6DE0B00E66DC3 /* UserService.swift */,
				32CDFCC526C7C05B00F7A426 /* TweetService.swift */,
			);
			path = API;
			sourceTree = "<group>";
		};
		32D5253326BEF042002CC989 /* Authentication */ = {
			isa = PBXGroup;
			children = (
				32D5253426BEF052002CC989 /* LoginController.swift */,
				32D5253626BEF0BF002CC989 /* RegistrationController.swift */,
			);
			path = Authentication;
			sourceTree = "<group>";
		};
		32FEC15226BB010000734D68 = {
			isa = PBXGroup;
			children = (
				32FEC15D26BB010000734D68 /* TwitterTutorial */,
				32FEC15C26BB010000734D68 /* Products */,
				A01675CFC7A61DFCA17B6D1C /* Pods */,
				AF4BA25FACE5C94730FDA875 /* Frameworks */,
			);
			sourceTree = "<group>";
		};
		32FEC15C26BB010000734D68 /* Products */ = {
			isa = PBXGroup;
			children = (
				32FEC15B26BB010000734D68 /* TwitterTutorial.app */,
			);
			name = Products;
			sourceTree = "<group>";
		};
		32FEC15D26BB010000734D68 /* TwitterTutorial */ = {
			isa = PBXGroup;
			children = (
				3280011E26C6DCA900E66DC3 /* Model */,
				32FEC17226BB014000734D68 /* View */,
				32FEC17726BB017800734D68 /* ViewModel */,
				32FEC17826BB017E00734D68 /* Controller */,
				3280011F26C6DD8A00E66DC3 /* API */,
				32FEC17A26BB018800734D68 /* Utils */,
				32FEC15E26BB010000734D68 /* AppDelegate.swift */,
				32FEC16026BB010000734D68 /* SceneDelegate.swift */,
				32FEC16426BB010000734D68 /* Main.storyboard */,
				32FEC16726BB010100734D68 /* Assets.xcassets */,
				32FEC16926BB010100734D68 /* LaunchScreen.storyboard */,
				32FEC16C26BB010100734D68 /* Info.plist */,
				8444E8BE26C4050A00DA4146 /* GoogleService-Info.plist */,
			);
			path = TwitterTutorial;
			sourceTree = "<group>";
		};
		32FEC17226BB014000734D68 /* View */ = {
			isa = PBXGroup;
			children = (
				32CDFCC326C7BBCB00F7A426 /* CaptionTextView.swift */,
				32CDFCC926C7CAE100F7A426 /* TweetCell.swift */,
				32CDFCD326CA8CF000F7A426 /* ProfileHeader.swift */,
				32EE16B926CC20A3009818D6 /* ProfileFilterView.swift */,
				32EE16BB26CC21D1009818D6 /* ProfileFilterCell.swift */,
				322072A526CD687900697F90 /* UserCell.swift */,
				328B41EB26D543D30033C50C /* TweetHeader.swift */,
				3267F90826DB85EC007C9F04 /* ActionSheetCell.swift */,
			);
			path = View;
			sourceTree = "<group>";
		};
		32FEC17726BB017800734D68 /* ViewModel */ = {
			isa = PBXGroup;
			children = (
				32CDFCCB26C7D9EC00F7A426 /* TweetViewModel.swift */,
				32EE16BD26CC2A5F009818D6 /* ProfileHeaderViewModel.swift */,
				3267F90426DB6F23007C9F04 /* UploadTweetViewModel.swift */,
				3267F90A26DB8A7A007C9F04 /* ActionSheetViewoModel.swift */,
			);
			path = ViewModel;
			sourceTree = "<group>";
		};
		32FEC17826BB017E00734D68 /* Controller */ = {
			isa = PBXGroup;
			children = (
				32D5253326BEF042002CC989 /* Authentication */,
				32FEC17B26BB021600734D68 /* MainTabViewController.swift */,
				32FEC17D26BB033800734D68 /* FeedController.swift */,
				32FEC17F26BB035B00734D68 /* ExploreController.swift */,
				32FEC18126BB037900734D68 /* NotificationsController.swift */,
				32FEC18326BB038C00734D68 /* ConversationsController.swift */,
				32CDFCC126C7B4C800F7A426 /* UploadTweetController.swift */,
				32CDFCCD26C9764100F7A426 /* ProfileController.swift */,
				328B41E926D541C20033C50C /* TweetController.swift */,
			);
			path = Controller;
			sourceTree = "<group>";
		};
		32FEC17A26BB018800734D68 /* Utils */ = {
			isa = PBXGroup;
			children = (
				3227605226BB0CA50050C073 /* Extensions.swift */,
				32D5253826BEF69D002CC989 /* Utilities.swift */,
				84892B1F26C40CF600385B84 /* Constants.swift */,
				3267F90626DB7F05007C9F04 /* ActionSheetLauncher.swift */,
			);
			path = Utils;
			sourceTree = "<group>";
		};
		A01675CFC7A61DFCA17B6D1C /* Pods */ = {
			isa = PBXGroup;
			children = (
				755E9F4394E9CCB839AD90CA /* Pods-TwitterTutorial.debug.xcconfig */,
				2D44CCAF4A94AA207807A93F /* Pods-TwitterTutorial.release.xcconfig */,
			);
			path = Pods;
			sourceTree = "<group>";
		};
		AF4BA25FACE5C94730FDA875 /* Frameworks */ = {
			isa = PBXGroup;
			children = (
				D4E966F3B84BC8349C5FDCDF /* Pods_TwitterTutorial.framework */,
			);
			name = Frameworks;
			sourceTree = "<group>";
		};
/* End PBXGroup section */

/* Begin PBXNativeTarget section */
		32FEC15A26BB010000734D68 /* TwitterTutorial */ = {
			isa = PBXNativeTarget;
			buildConfigurationList = 32FEC16F26BB010100734D68 /* Build configuration list for PBXNativeTarget "TwitterTutorial" */;
			buildPhases = (
				4136E2091168907FB7093CF4 /* [CP] Check Pods Manifest.lock */,
				32FEC15726BB010000734D68 /* Sources */,
				32FEC15826BB010000734D68 /* Frameworks */,
				32FEC15926BB010000734D68 /* Resources */,
				D25A84874A0ADC573516A062 /* [CP] Embed Pods Frameworks */,
			);
			buildRules = (
			);
			dependencies = (
			);
			name = TwitterTutorial;
			productName = TwitterTutorial;
			productReference = 32FEC15B26BB010000734D68 /* TwitterTutorial.app */;
			productType = "com.apple.product-type.application";
		};
/* End PBXNativeTarget section */

/* Begin PBXProject section */
		32FEC15326BB010000734D68 /* Project object */ = {
			isa = PBXProject;
			attributes = {
				LastSwiftUpdateCheck = 1250;
				LastUpgradeCheck = 1250;
				TargetAttributes = {
					32FEC15A26BB010000734D68 = {
						CreatedOnToolsVersion = 12.5;
					};
				};
			};
			buildConfigurationList = 32FEC15626BB010000734D68 /* Build configuration list for PBXProject "TwitterTutorial" */;
			compatibilityVersion = "Xcode 9.3";
			developmentRegion = en;
			hasScannedForEncodings = 0;
			knownRegions = (
				en,
				Base,
			);
			mainGroup = 32FEC15226BB010000734D68;
			productRefGroup = 32FEC15C26BB010000734D68 /* Products */;
			projectDirPath = "";
			projectRoot = "";
			targets = (
				32FEC15A26BB010000734D68 /* TwitterTutorial */,
			);
		};
/* End PBXProject section */

/* Begin PBXResourcesBuildPhase section */
		32FEC15926BB010000734D68 /* Resources */ = {
			isa = PBXResourcesBuildPhase;
			buildActionMask = 2147483647;
			files = (
				32FEC16B26BB010100734D68 /* LaunchScreen.storyboard in Resources */,
				8444E8BF26C4050A00DA4146 /* GoogleService-Info.plist in Resources */,
				32FEC16826BB010100734D68 /* Assets.xcassets in Resources */,
				32FEC16626BB010000734D68 /* Main.storyboard in Resources */,
			);
			runOnlyForDeploymentPostprocessing = 0;
		};
/* End PBXResourcesBuildPhase section */

/* Begin PBXShellScriptBuildPhase section */
		4136E2091168907FB7093CF4 /* [CP] Check Pods Manifest.lock */ = {
			isa = PBXShellScriptBuildPhase;
			buildActionMask = 2147483647;
			files = (
			);
			inputFileListPaths = (
			);
			inputPaths = (
				"${PODS_PODFILE_DIR_PATH}/Podfile.lock",
				"${PODS_ROOT}/Manifest.lock",
			);
			name = "[CP] Check Pods Manifest.lock";
			outputFileListPaths = (
			);
			outputPaths = (
				"$(DERIVED_FILE_DIR)/Pods-TwitterTutorial-checkManifestLockResult.txt",
			);
			runOnlyForDeploymentPostprocessing = 0;
			shellPath = /bin/sh;
			shellScript = "diff \"${PODS_PODFILE_DIR_PATH}/Podfile.lock\" \"${PODS_ROOT}/Manifest.lock\" > /dev/null\nif [ $? != 0 ] ; then\n    # print error to STDERR\n    echo \"error: The sandbox is not in sync with the Podfile.lock. Run 'pod install' or update your CocoaPods installation.\" >&2\n    exit 1\nfi\n# This output is used by Xcode 'outputs' to avoid re-running this script phase.\necho \"SUCCESS\" > \"${SCRIPT_OUTPUT_FILE_0}\"\n";
			showEnvVarsInLog = 0;
		};
		D25A84874A0ADC573516A062 /* [CP] Embed Pods Frameworks */ = {
			isa = PBXShellScriptBuildPhase;
			buildActionMask = 2147483647;
			files = (
			);
			inputFileListPaths = (
				"${PODS_ROOT}/Target Support Files/Pods-TwitterTutorial/Pods-TwitterTutorial-frameworks-${CONFIGURATION}-input-files.xcfilelist",
			);
			name = "[CP] Embed Pods Frameworks";
			outputFileListPaths = (
				"${PODS_ROOT}/Target Support Files/Pods-TwitterTutorial/Pods-TwitterTutorial-frameworks-${CONFIGURATION}-output-files.xcfilelist",
			);
			runOnlyForDeploymentPostprocessing = 0;
			shellPath = /bin/sh;
			shellScript = "\"${PODS_ROOT}/Target Support Files/Pods-TwitterTutorial/Pods-TwitterTutorial-frameworks.sh\"\n";
			showEnvVarsInLog = 0;
		};
/* End PBXShellScriptBuildPhase section */

/* Begin PBXSourcesBuildPhase section */
		32FEC15726BB010000734D68 /* Sources */ = {
			isa = PBXSourcesBuildPhase;
			buildActionMask = 2147483647;
			files = (
				3280012326C6DE0B00E66DC3 /* UserService.swift in Sources */,
				32FEC18226BB037900734D68 /* NotificationsController.swift in Sources */,
				32CDFCC426C7BBCB00F7A426 /* CaptionTextView.swift in Sources */,
				32EE16BC26CC21D1009818D6 /* ProfileFilterCell.swift in Sources */,
				3267F90B26DB8A7A007C9F04 /* ActionSheetViewoModel.swift in Sources */,
				32FEC15F26BB010000734D68 /* AppDelegate.swift in Sources */,
				322072A626CD687900697F90 /* UserCell.swift in Sources */,
				32D5253926BEF69D002CC989 /* Utilities.swift in Sources */,
				3267F90926DB85EC007C9F04 /* ActionSheetCell.swift in Sources */,
				32FEC18026BB035B00734D68 /* ExploreController.swift in Sources */,
				3227605326BB0CA50050C073 /* Extensions.swift in Sources */,
				328B41EA26D541C20033C50C /* TweetController.swift in Sources */,
				32CDFCCE26C9764100F7A426 /* ProfileController.swift in Sources */,
				3267F90526DB6F23007C9F04 /* UploadTweetViewModel.swift in Sources */,
				32CDFCD426CA8CF000F7A426 /* ProfileHeader.swift in Sources */,
				32CDFCCA26C7CAE100F7A426 /* TweetCell.swift in Sources */,
				32FEC16126BB010000734D68 /* SceneDelegate.swift in Sources */,
				3280012126C6DD8A00E66DC3 /* AuthService.swift in Sources */,
				32EE16BE26CC2A5F009818D6 /* ProfileHeaderViewModel.swift in Sources */,
				32CDFCC226C7B4C800F7A426 /* UploadTweetController.swift in Sources */,
				3280012526C6E14800E66DC3 /* User.swift in Sources */,
				32FEC17C26BB021600734D68 /* MainTabViewController.swift in Sources */,
				32FEC18426BB038C00734D68 /* ConversationsController.swift in Sources */,
				32D5253526BEF052002CC989 /* LoginController.swift in Sources */,
				328B41EC26D543D30033C50C /* TweetHeader.swift in Sources */,
				32CDFCCC26C7D9EC00F7A426 /* TweetViewModel.swift in Sources */,
				32D5253726BEF0BF002CC989 /* RegistrationController.swift in Sources */,
				32FEC17E26BB033800734D68 /* FeedController.swift in Sources */,
				32EE16BA26CC20A3009818D6 /* ProfileFilterView.swift in Sources */,
				84892B2026C40CF600385B84 /* Constants.swift in Sources */,
				3267F90726DB7F05007C9F04 /* ActionSheetLauncher.swift in Sources */,
				32CDFCC826C7C57400F7A426 /* Tweet.swift in Sources */,
				32CDFCC626C7C05B00F7A426 /* TweetService.swift in Sources */,
			);
			runOnlyForDeploymentPostprocessing = 0;
		};
/* End PBXSourcesBuildPhase section */

/* Begin PBXVariantGroup section */
		32FEC16426BB010000734D68 /* Main.storyboard */ = {
			isa = PBXVariantGroup;
			children = (
				32FEC16526BB010000734D68 /* Base */,
			);
			name = Main.storyboard;
			sourceTree = "<group>";
		};
		32FEC16926BB010100734D68 /* LaunchScreen.storyboard */ = {
			isa = PBXVariantGroup;
			children = (
				32FEC16A26BB010100734D68 /* Base */,
			);
			name = LaunchScreen.storyboard;
			sourceTree = "<group>";
		};
/* End PBXVariantGroup section */

/* Begin XCBuildConfiguration section */
		32FEC16D26BB010100734D68 /* Debug */ = {
			isa = XCBuildConfiguration;
			buildSettings = {
				ALWAYS_SEARCH_USER_PATHS = NO;
				CLANG_ANALYZER_NONNULL = YES;
				CLANG_ANALYZER_NUMBER_OBJECT_CONVERSION = YES_AGGRESSIVE;
				CLANG_CXX_LANGUAGE_STANDARD = "gnu++14";
				CLANG_CXX_LIBRARY = "libc++";
				CLANG_ENABLE_MODULES = YES;
				CLANG_ENABLE_OBJC_ARC = YES;
				CLANG_ENABLE_OBJC_WEAK = YES;
				CLANG_WARN_BLOCK_CAPTURE_AUTORELEASING = YES;
				CLANG_WARN_BOOL_CONVERSION = YES;
				CLANG_WARN_COMMA = YES;
				CLANG_WARN_CONSTANT_CONVERSION = YES;
				CLANG_WARN_DEPRECATED_OBJC_IMPLEMENTATIONS = YES;
				CLANG_WARN_DIRECT_OBJC_ISA_USAGE = YES_ERROR;
				CLANG_WARN_DOCUMENTATION_COMMENTS = YES;
				CLANG_WARN_EMPTY_BODY = YES;
				CLANG_WARN_ENUM_CONVERSION = YES;
				CLANG_WARN_INFINITE_RECURSION = YES;
				CLANG_WARN_INT_CONVERSION = YES;
				CLANG_WARN_NON_LITERAL_NULL_CONVERSION = YES;
				CLANG_WARN_OBJC_IMPLICIT_RETAIN_SELF = YES;
				CLANG_WARN_OBJC_LITERAL_CONVERSION = YES;
				CLANG_WARN_OBJC_ROOT_CLASS = YES_ERROR;
				CLANG_WARN_QUOTED_INCLUDE_IN_FRAMEWORK_HEADER = YES;
				CLANG_WARN_RANGE_LOOP_ANALYSIS = YES;
				CLANG_WARN_STRICT_PROTOTYPES = YES;
				CLANG_WARN_SUSPICIOUS_MOVE = YES;
				CLANG_WARN_UNGUARDED_AVAILABILITY = YES_AGGRESSIVE;
				CLANG_WARN_UNREACHABLE_CODE = YES;
				CLANG_WARN__DUPLICATE_METHOD_MATCH = YES;
				COPY_PHASE_STRIP = NO;
				DEBUG_INFORMATION_FORMAT = dwarf;
				ENABLE_STRICT_OBJC_MSGSEND = YES;
				ENABLE_TESTABILITY = YES;
				GCC_C_LANGUAGE_STANDARD = gnu11;
				GCC_DYNAMIC_NO_PIC = NO;
				GCC_NO_COMMON_BLOCKS = YES;
				GCC_OPTIMIZATION_LEVEL = 0;
				GCC_PREPROCESSOR_DEFINITIONS = (
					"DEBUG=1",
					"$(inherited)",
				);
				GCC_WARN_64_TO_32_BIT_CONVERSION = YES;
				GCC_WARN_ABOUT_RETURN_TYPE = YES_ERROR;
				GCC_WARN_UNDECLARED_SELECTOR = YES;
				GCC_WARN_UNINITIALIZED_AUTOS = YES_AGGRESSIVE;
				GCC_WARN_UNUSED_FUNCTION = YES;
				GCC_WARN_UNUSED_VARIABLE = YES;
				IPHONEOS_DEPLOYMENT_TARGET = 14.5;
				MTL_ENABLE_DEBUG_INFO = INCLUDE_SOURCE;
				MTL_FAST_MATH = YES;
				ONLY_ACTIVE_ARCH = YES;
				SDKROOT = iphoneos;
				SWIFT_ACTIVE_COMPILATION_CONDITIONS = DEBUG;
				SWIFT_OPTIMIZATION_LEVEL = "-Onone";
			};
			name = Debug;
		};
		32FEC16E26BB010100734D68 /* Release */ = {
			isa = XCBuildConfiguration;
			buildSettings = {
				ALWAYS_SEARCH_USER_PATHS = NO;
				CLANG_ANALYZER_NONNULL = YES;
				CLANG_ANALYZER_NUMBER_OBJECT_CONVERSION = YES_AGGRESSIVE;
				CLANG_CXX_LANGUAGE_STANDARD = "gnu++14";
				CLANG_CXX_LIBRARY = "libc++";
				CLANG_ENABLE_MODULES = YES;
				CLANG_ENABLE_OBJC_ARC = YES;
				CLANG_ENABLE_OBJC_WEAK = YES;
				CLANG_WARN_BLOCK_CAPTURE_AUTORELEASING = YES;
				CLANG_WARN_BOOL_CONVERSION = YES;
				CLANG_WARN_COMMA = YES;
				CLANG_WARN_CONSTANT_CONVERSION = YES;
				CLANG_WARN_DEPRECATED_OBJC_IMPLEMENTATIONS = YES;
				CLANG_WARN_DIRECT_OBJC_ISA_USAGE = YES_ERROR;
				CLANG_WARN_DOCUMENTATION_COMMENTS = YES;
				CLANG_WARN_EMPTY_BODY = YES;
				CLANG_WARN_ENUM_CONVERSION = YES;
				CLANG_WARN_INFINITE_RECURSION = YES;
				CLANG_WARN_INT_CONVERSION = YES;
				CLANG_WARN_NON_LITERAL_NULL_CONVERSION = YES;
				CLANG_WARN_OBJC_IMPLICIT_RETAIN_SELF = YES;
				CLANG_WARN_OBJC_LITERAL_CONVERSION = YES;
				CLANG_WARN_OBJC_ROOT_CLASS = YES_ERROR;
				CLANG_WARN_QUOTED_INCLUDE_IN_FRAMEWORK_HEADER = YES;
				CLANG_WARN_RANGE_LOOP_ANALYSIS = YES;
				CLANG_WARN_STRICT_PROTOTYPES = YES;
				CLANG_WARN_SUSPICIOUS_MOVE = YES;
				CLANG_WARN_UNGUARDED_AVAILABILITY = YES_AGGRESSIVE;
				CLANG_WARN_UNREACHABLE_CODE = YES;
				CLANG_WARN__DUPLICATE_METHOD_MATCH = YES;
				COPY_PHASE_STRIP = NO;
				DEBUG_INFORMATION_FORMAT = "dwarf-with-dsym";
				ENABLE_NS_ASSERTIONS = NO;
				ENABLE_STRICT_OBJC_MSGSEND = YES;
				GCC_C_LANGUAGE_STANDARD = gnu11;
				GCC_NO_COMMON_BLOCKS = YES;
				GCC_WARN_64_TO_32_BIT_CONVERSION = YES;
				GCC_WARN_ABOUT_RETURN_TYPE = YES_ERROR;
				GCC_WARN_UNDECLARED_SELECTOR = YES;
				GCC_WARN_UNINITIALIZED_AUTOS = YES_AGGRESSIVE;
				GCC_WARN_UNUSED_FUNCTION = YES;
				GCC_WARN_UNUSED_VARIABLE = YES;
				IPHONEOS_DEPLOYMENT_TARGET = 14.5;
				MTL_ENABLE_DEBUG_INFO = NO;
				MTL_FAST_MATH = YES;
				SDKROOT = iphoneos;
				SWIFT_COMPILATION_MODE = wholemodule;
				SWIFT_OPTIMIZATION_LEVEL = "-O";
				VALIDATE_PRODUCT = YES;
			};
			name = Release;
		};
		32FEC17026BB010100734D68 /* Debug */ = {
			isa = XCBuildConfiguration;
			baseConfigurationReference = 755E9F4394E9CCB839AD90CA /* Pods-TwitterTutorial.debug.xcconfig */;
			buildSettings = {
				ASSETCATALOG_COMPILER_APPICON_NAME = AppIcon;
				ASSETCATALOG_COMPILER_GLOBAL_ACCENT_COLOR_NAME = AccentColor;
				CODE_SIGN_STYLE = Automatic;
				DEVELOPMENT_TEAM = 3ZL8N4SAFS;
				INFOPLIST_FILE = TwitterTutorial/Info.plist;
				LD_RUNPATH_SEARCH_PATHS = (
					"$(inherited)",
					"@executable_path/Frameworks",
				);
				PRODUCT_BUNDLE_IDENTIFIER = com.billycychan.TwitterTutorial;
				PRODUCT_NAME = "$(TARGET_NAME)";
				SWIFT_VERSION = 5.0;
				TARGETED_DEVICE_FAMILY = "1,2";
			};
			name = Debug;
		};
		32FEC17126BB010100734D68 /* Release */ = {
			isa = XCBuildConfiguration;
			baseConfigurationReference = 2D44CCAF4A94AA207807A93F /* Pods-TwitterTutorial.release.xcconfig */;
			buildSettings = {
				ASSETCATALOG_COMPILER_APPICON_NAME = AppIcon;
				ASSETCATALOG_COMPILER_GLOBAL_ACCENT_COLOR_NAME = AccentColor;
				CODE_SIGN_STYLE = Automatic;
				DEVELOPMENT_TEAM = 3ZL8N4SAFS;
				INFOPLIST_FILE = TwitterTutorial/Info.plist;
				LD_RUNPATH_SEARCH_PATHS = (
					"$(inherited)",
					"@executable_path/Frameworks",
				);
				PRODUCT_BUNDLE_IDENTIFIER = com.billycychan.TwitterTutorial;
				PRODUCT_NAME = "$(TARGET_NAME)";
				SWIFT_VERSION = 5.0;
				TARGETED_DEVICE_FAMILY = "1,2";
			};
			name = Release;
		};
/* End XCBuildConfiguration section */

/* Begin XCConfigurationList section */
		32FEC15626BB010000734D68 /* Build configuration list for PBXProject "TwitterTutorial" */ = {
			isa = XCConfigurationList;
			buildConfigurations = (
				32FEC16D26BB010100734D68 /* Debug */,
				32FEC16E26BB010100734D68 /* Release */,
			);
			defaultConfigurationIsVisible = 0;
			defaultConfigurationName = Release;
		};
		32FEC16F26BB010100734D68 /* Build configuration list for PBXNativeTarget "TwitterTutorial" */ = {
			isa = XCConfigurationList;
			buildConfigurations = (
				32FEC17026BB010100734D68 /* Debug */,
				32FEC17126BB010100734D68 /* Release */,
			);
			defaultConfigurationIsVisible = 0;
			defaultConfigurationName = Release;
		};
/* End XCConfigurationList section */
	};
	rootObject = 32FEC15326BB010000734D68 /* Project object */;
}
